
Microsoft Visual Studio Solution File, Format Version 12.00
# Visual Studio Version 16
VisualStudioVersion = 16.0.31019.35
MinimumVisualStudioVersion = 10.0.40219.1
Project("{FAE04EC0-301F-11D3-BF4B-00C04F79EFBC}") = "TetrisLib", "TetrisLib\TetrisLib.csproj", "{042AF2F2-9912-438F-B6DD-DC2D9AF97BCA}"
EndProject
Project("{FAE04EC0-301F-11D3-BF4B-00C04F79EFBC}") = "Tetris", "Tetris\Tetris.csproj", "{4E8D3F30-6D95-41D2-81A1-4E19054CF2DD}"
EndProject
Project("{54435603-DBB4-11D2-8724-00A0C9A8B90C}") = "Setup", "Setup\Setup.vdproj", "{7483BEB5-A421-4A70-B162-92F79C2F7BE3}"
EndProject
Global
	GlobalSection(SolutionConfigurationPlatforms) = preSolution
		Debug|Any CPU = Debug|Any CPU
		Release|Any CPU = Release|Any CPU
	EndGlobalSection
	GlobalSection(ProjectConfigurationPlatforms) = postSolution
		{042AF2F2-9912-438F-B6DD-DC2D9AF97BCA}.Debug|Any CPU.ActiveCfg = Debug|Any CPU
		{042AF2F2-9912-438F-B6DD-DC2D9AF97BCA}.Debug|Any CPU.Build.0 = Debug|Any CPU
		{042AF2F2-9912-438F-B6DD-DC2D9AF97BCA}.Release|Any CPU.ActiveCfg = Release|Any CPU
		{042AF2F2-9912-438F-B6DD-DC2D9AF97BCA}.Release|Any CPU.Build.0 = Release|Any CPU
		{4E8D3F30-6D95-41D2-81A1-4E19054CF2DD}.Debug|Any CPU.ActiveCfg = Debug|Any CPU
		{4E8D3F30-6D95-41D2-81A1-4E19054CF2DD}.Debug|Any CPU.Build.0 = Debug|Any CPU
		{4E8D3F30-6D95-41D2-81A1-4E19054CF2DD}.Release|Any CPU.ActiveCfg = Release|Any CPU
		{4E8D3F30-6D95-41D2-81A1-4E19054CF2DD}.Release|Any CPU.Build.0 = Release|Any CPU
		{7483BEB5-A421-4A70-B162-92F79C2F7BE3}.Debug|Any CPU.ActiveCfg = Debug
		{7483BEB5-A421-4A70-B162-92F79C2F7BE3}.Release|Any CPU.ActiveCfg = Release
	EndGlobalSection
	GlobalSection(SolutionProperties) = preSolution
		HideSolutionNode = FALSE
	EndGlobalSection
	GlobalSection(ExtensibilityGlobals) = postSolution
		SolutionGuid = {0F78D01D-EC27-4B3F-8791-ED5965253CBA}
	EndGlobalSection
EndGlobal
